
Microsoft Visual Studio Solution File, Format Version 12.00
# Visual Studio Version 17
VisualStudioVersion = 17.7.34024.191
MinimumVisualStudioVersion = 10.0.40219.1
Project("{2150E333-8FDC-42A3-9474-1A3956D46DE8}") = "0-Presentention", "0-Presentention", "{802C61A2-EE88-4CF6-ABDB-AF02E6EF0F58}"
EndProject
Project("{2150E333-8FDC-42A3-9474-1A3956D46DE8}") = "3-Domain", "3-Domain", "{4A22C53B-4275-450C-9D40-5EBC29FC4295}"
EndProject
Project("{2150E333-8FDC-42A3-9474-1A3956D46DE8}") = "4-Infra", "4-Infra", "{E0F819F2-8B77-43A9-AE0B-E72B83AB907A}"
EndProject
Project("{9A19103F-16F7-4668-BE54-9A1E7A4F7556}") = "Investimentos.API", "Investimentos.API\Investimentos.API.csproj", "{9A25A39D-B062-4554-A316-66469926ACBB}"
EndProject
Project("{9A19103F-16F7-4668-BE54-9A1E7A4F7556}") = "Investimentos.Domain", "Investimentos.Domain\Investimentos.Domain.csproj", "{3697A03F-9BA5-4A1A-A93B-2C8AD175F067}"
EndProject
Project("{9A19103F-16F7-4668-BE54-9A1E7A4F7556}") = "Investimentos.Infra", "Investimentos.Infra\Investimentos.Infra.csproj", "{82521FC6-DB04-415F-8423-7BCD33F50D69}"
EndProject
Project("{2150E333-8FDC-42A3-9474-1A3956D46DE8}") = "Docker", "Docker", "{2768DB3B-BE2E-476C-932E-A450E3F15FA1}"
	ProjectSection(SolutionItems) = preProject
		Dockerfile = Dockerfile
	EndProjectSection
EndProject
Project("{2150E333-8FDC-42A3-9474-1A3956D46DE8}") = "5-Test", "5-Test", "{5A57DC9B-D617-41AB-8735-F737D82D9A0E}"
EndProject
Project("{9A19103F-16F7-4668-BE54-9A1E7A4F7556}") = "Investimentos.Domain.Test", "Investimentos.Test\Investimentos.Domain.Test.csproj", "{760ECEED-843A-4A52-9A03-972B2E92F560}"
EndProject
Project("{FAE04EC0-301F-11D3-BF4B-00C04F79EFBC}") = "Investimentos.Infra.Test", "Investimentos.Infra.Test\Investimentos.Infra.Test.csproj", "{B6D7F01B-6768-4C5E-AD34-6E4411966378}"
EndProject
Project("{FAE04EC0-301F-11D3-BF4B-00C04F79EFBC}") = "Investimentos.Controller.Test", "Investimentos.Controller.Test\Investimentos.Controller.Test.csproj", "{D896BFF8-AD63-4B48-8550-5184BEB125F4}"
EndProject
Global
	GlobalSection(SolutionConfigurationPlatforms) = preSolution
		Debug|Any CPU = Debug|Any CPU
		Release|Any CPU = Release|Any CPU
	EndGlobalSection
	GlobalSection(ProjectConfigurationPlatforms) = postSolution
		{9A25A39D-B062-4554-A316-66469926ACBB}.Debug|Any CPU.ActiveCfg = Debug|Any CPU
		{9A25A39D-B062-4554-A316-66469926ACBB}.Debug|Any CPU.Build.0 = Debug|Any CPU
		{9A25A39D-B062-4554-A316-66469926ACBB}.Release|Any CPU.ActiveCfg = Release|Any CPU
		{9A25A39D-B062-4554-A316-66469926ACBB}.Release|Any CPU.Build.0 = Release|Any CPU
		{3697A03F-9BA5-4A1A-A93B-2C8AD175F067}.Debug|Any CPU.ActiveCfg = Debug|Any CPU
		{3697A03F-9BA5-4A1A-A93B-2C8AD175F067}.Debug|Any CPU.Build.0 = Debug|Any CPU
		{3697A03F-9BA5-4A1A-A93B-2C8AD175F067}.Release|Any CPU.ActiveCfg = Release|Any CPU
		{3697A03F-9BA5-4A1A-A93B-2C8AD175F067}.Release|Any CPU.Build.0 = Release|Any CPU
		{82521FC6-DB04-415F-8423-7BCD33F50D69}.Debug|Any CPU.ActiveCfg = Debug|Any CPU
		{82521FC6-DB04-415F-8423-7BCD33F50D69}.Debug|Any CPU.Build.0 = Debug|Any CPU
		{82521FC6-DB04-415F-8423-7BCD33F50D69}.Release|Any CPU.ActiveCfg = Release|Any CPU
		{82521FC6-DB04-415F-8423-7BCD33F50D69}.Release|Any CPU.Build.0 = Release|Any CPU
		{760ECEED-843A-4A52-9A03-972B2E92F560}.Debug|Any CPU.ActiveCfg = Debug|Any CPU
		{760ECEED-843A-4A52-9A03-972B2E92F560}.Debug|Any CPU.Build.0 = Debug|Any CPU
		{760ECEED-843A-4A52-9A03-972B2E92F560}.Release|Any CPU.ActiveCfg = Release|Any CPU
		{760ECEED-843A-4A52-9A03-972B2E92F560}.Release|Any CPU.Build.0 = Release|Any CPU
		{B6D7F01B-6768-4C5E-AD34-6E4411966378}.Debug|Any CPU.ActiveCfg = Debug|Any CPU
		{B6D7F01B-6768-4C5E-AD34-6E4411966378}.Debug|Any CPU.Build.0 = Debug|Any CPU
		{B6D7F01B-6768-4C5E-AD34-6E4411966378}.Release|Any CPU.ActiveCfg = Release|Any CPU
		{B6D7F01B-6768-4C5E-AD34-6E4411966378}.Release|Any CPU.Build.0 = Release|Any CPU
		{D896BFF8-AD63-4B48-8550-5184BEB125F4}.Debug|Any CPU.ActiveCfg = Debug|Any CPU
		{D896BFF8-AD63-4B48-8550-5184BEB125F4}.Debug|Any CPU.Build.0 = Debug|Any CPU
		{D896BFF8-AD63-4B48-8550-5184BEB125F4}.Release|Any CPU.ActiveCfg = Release|Any CPU
		{D896BFF8-AD63-4B48-8550-5184BEB125F4}.Release|Any CPU.Build.0 = Release|Any CPU
	EndGlobalSection
	GlobalSection(SolutionProperties) = preSolution
		HideSolutionNode = FALSE
	EndGlobalSection
	GlobalSection(NestedProjects) = preSolution
		{9A25A39D-B062-4554-A316-66469926ACBB} = {802C61A2-EE88-4CF6-ABDB-AF02E6EF0F58}
		{3697A03F-9BA5-4A1A-A93B-2C8AD175F067} = {4A22C53B-4275-450C-9D40-5EBC29FC4295}
		{82521FC6-DB04-415F-8423-7BCD33F50D69} = {E0F819F2-8B77-43A9-AE0B-E72B83AB907A}
		{760ECEED-843A-4A52-9A03-972B2E92F560} = {5A57DC9B-D617-41AB-8735-F737D82D9A0E}
		{B6D7F01B-6768-4C5E-AD34-6E4411966378} = {5A57DC9B-D617-41AB-8735-F737D82D9A0E}
		{D896BFF8-AD63-4B48-8550-5184BEB125F4} = {5A57DC9B-D617-41AB-8735-F737D82D9A0E}
	EndGlobalSection
	GlobalSection(ExtensibilityGlobals) = postSolution
		SolutionGuid = {9E022502-2016-47B1-A228-A8FDE6EA0C60}
	EndGlobalSection
EndGlobal
